{
  "version": 4,
  "terraform_version": "1.6.2",
  "serial": 1,
  "lineage": "93978b24-9743-24a5-c08c-83ac42678d79",
  "outputs": {},
  "resources": [
    {
      "mode": "managed",
      "type": "azurerm_storage_account",
      "name": "res-0",
      "provider": "provider[\"registry.terraform.io/hashicorp/azurerm\"]",
      "instances": [
        {
          "schema_version": 4,
          "attributes": {
            "access_tier": "Hot",
            "account_kind": "StorageV2",
            "account_replication_type": "LRS",
            "account_tier": "Standard",
            "allow_nested_items_to_be_public": false,
            "allowed_copy_scope": "",
            "azure_files_authentication": [],
            "blob_properties": [
              {
                "change_feed_enabled": true,
                "change_feed_retention_in_days": 0,
                "container_delete_retention_policy": [
                  {
                    "days": 30
                  }
                ],
                "cors_rule": [],
                "default_service_version": "",
                "delete_retention_policy": [
                  {
                    "days": 40
                  }
                ],
                "last_access_time_enabled": false,
                "restore_policy": [
                  {
                    "days": 30
                  }
                ],
                "versioning_enabled": true
              }
            ],
            "cross_tenant_replication_enabled": true,
            "custom_domain": [],
            "customer_managed_key": [],
            "default_to_oauth_authentication": false,
            "edge_zone": "",
            "enable_https_traffic_only": true,
            "id": "/subscriptions/0d7ee0d7-f9e4-4089-bcc1-f0cfeacb104c/resourceGroups/ModuleTest/providers/Microsoft.Storage/storageAccounts/satest32995xx",
            "identity": [],
            "immutability_policy": [],
            "infrastructure_encryption_enabled": false,
            "is_hns_enabled": false,
            "large_file_share_enabled": null,
            "location": "westeurope",
            "min_tls_version": "TLS1_2",
            "name": "satest32995xx",
            "network_rules": [
              {
                "bypass": [
                  "AzureServices"
                ],
                "default_action": "Deny",
                "ip_rules": [
                  "3.3.3.3",
                  "4.4.4.4",
                  "5.186.57.10"
                ],
                "private_link_access": [],
                "virtual_network_subnet_ids": []
              }
            ],
            "nfsv3_enabled": false,
            "primary_access_key": "ZuCCf47fe8swBXi4wVJO9EzDSkMWjuWsAJ75TITWgwO26qzBPuAeIA9YZATOS3VNgMwctbtR2efg+ASt2sfRRQ==",
            "primary_blob_connection_string": "DefaultEndpointsProtocol=https;BlobEndpoint=https://satest32995xx.blob.core.windows.net/;AccountName=satest32995xx;AccountKey=ZuCCf47fe8swBXi4wVJO9EzDSkMWjuWsAJ75TITWgwO26qzBPuAeIA9YZATOS3VNgMwctbtR2efg+ASt2sfRRQ==",
            "primary_blob_endpoint": "https://satest32995xx.blob.core.windows.net/",
            "primary_blob_host": "satest32995xx.blob.core.windows.net",
            "primary_connection_string": "DefaultEndpointsProtocol=https;AccountName=satest32995xx;AccountKey=ZuCCf47fe8swBXi4wVJO9EzDSkMWjuWsAJ75TITWgwO26qzBPuAeIA9YZATOS3VNgMwctbtR2efg+ASt2sfRRQ==;EndpointSuffix=core.windows.net",
            "primary_dfs_endpoint": "https://satest32995xx.dfs.core.windows.net/",
            "primary_dfs_host": "satest32995xx.dfs.core.windows.net",
            "primary_file_endpoint": "https://satest32995xx.file.core.windows.net/",
            "primary_file_host": "satest32995xx.file.core.windows.net",
            "primary_location": "westeurope",
            "primary_queue_endpoint": "https://satest32995xx.queue.core.windows.net/",
            "primary_queue_host": "satest32995xx.queue.core.windows.net",
            "primary_table_endpoint": "https://satest32995xx.table.core.windows.net/",
            "primary_table_host": "satest32995xx.table.core.windows.net",
            "primary_web_endpoint": "https://satest32995xx.z6.web.core.windows.net/",
            "primary_web_host": "satest32995xx.z6.web.core.windows.net",
            "public_network_access_enabled": true,
            "queue_encryption_key_type": "Service",
            "queue_properties": [
              {
                "cors_rule": [],
                "hour_metrics": [
                  {
                    "enabled": true,
                    "include_apis": true,
                    "retention_policy_days": 7,
                    "version": "1.0"
                  }
                ],
                "logging": [
                  {
                    "delete": false,
                    "read": false,
                    "retention_policy_days": 0,
                    "version": "1.0",
                    "write": false
                  }
                ],
                "minute_metrics": [
                  {
                    "enabled": false,
                    "include_apis": false,
                    "retention_policy_days": 0,
                    "version": "1.0"
                  }
                ]
              }
            ],
            "resource_group_name": "ModuleTest",
            "routing": [],
            "sas_policy": [],
            "secondary_access_key": "2jAQhuwf5g20d21Kl4F0RUtMo9NecMLvaU2LMKw99E7qsNVgOJvzkOJyp+gbn200yPYNUozqX2ga+AStKE2+4Q==",
            "secondary_blob_connection_string": "",
            "secondary_blob_endpoint": null,
            "secondary_blob_host": null,
            "secondary_connection_string": "DefaultEndpointsProtocol=https;AccountName=satest32995xx;AccountKey=2jAQhuwf5g20d21Kl4F0RUtMo9NecMLvaU2LMKw99E7qsNVgOJvzkOJyp+gbn200yPYNUozqX2ga+AStKE2+4Q==;EndpointSuffix=core.windows.net",
            "secondary_dfs_endpoint": null,
            "secondary_dfs_host": null,
            "secondary_file_endpoint": null,
            "secondary_file_host": null,
            "secondary_location": "",
            "secondary_queue_endpoint": null,
            "secondary_queue_host": null,
            "secondary_table_endpoint": null,
            "secondary_table_host": null,
            "secondary_web_endpoint": null,
            "secondary_web_host": null,
            "sftp_enabled": false,
            "share_properties": [
              {
                "cors_rule": [],
                "retention_policy": [
                  {
                    "days": 7
                  }
                ],
                "smb": []
              }
            ],
            "shared_access_key_enabled": true,
            "static_website": [],
            "table_encryption_key_type": "Service",
            "tags": {
              "environment": "leg"
            },
            "timeouts": null
          },
          "sensitive_attributes": [],
          "private": "eyJlMmJmYjczMC1lY2FhLTExZTYtOGY4OC0zNDM2M2JjN2M0YzAiOnsiY3JlYXRlIjozNjAwMDAwMDAwMDAwLCJkZWxldGUiOjM2MDAwMDAwMDAwMDAsInJlYWQiOjMwMDAwMDAwMDAwMCwidXBkYXRlIjozNjAwMDAwMDAwMDAwfSwic2NoZW1hX3ZlcnNpb24iOiI0In0="
        }
      ]
    }
  ],
  "check_results": null
}
